// !$*UTF8*$!
{
	archiveVersion = 1;
	classes = {
	};
	objectVersion = 56;
	objects = {

/* Begin PBXBuildFile section */
		F2C823402BEF6A44009D1630 /* UserlikeIOSDemoApp.swift in Sources */ = {isa = PBXBuildFile; fileRef = F2C8233F2BEF6A44009D1630 /* UserlikeIOSDemoApp.swift */; };
		F2C823422BEF6A44009D1630 /* ContentView.swift in Sources */ = {isa = PBXBuildFile; fileRef = F2C823412BEF6A44009D1630 /* ContentView.swift */; };
		F2C823442BEF6A45009D1630 /* Assets.xcassets in Resources */ = {isa = PBXBuildFile; fileRef = F2C823432BEF6A45009D1630 /* Assets.xcassets */; };
		F2C823472BEF6A45009D1630 /* Preview Assets.xcassets in Resources */ = {isa = PBXBuildFile; fileRef = F2C823462BEF6A45009D1630 /* Preview Assets.xcassets */; };
		F2C823512BEF6A45009D1630 /* UserlikeIOSDemoTests.swift in Sources */ = {isa = PBXBuildFile; fileRef = F2C823502BEF6A45009D1630 /* UserlikeIOSDemoTests.swift */; };
		F2C8235B2BEF6A45009D1630 /* UserlikeIOSDemoUITests.swift in Sources */ = {isa = PBXBuildFile; fileRef = F2C8235A2BEF6A45009D1630 /* UserlikeIOSDemoUITests.swift */; };
		F2C8235D2BEF6A45009D1630 /* UserlikeIOSDemoUITestsLaunchTests.swift in Sources */ = {isa = PBXBuildFile; fileRef = F2C8235C2BEF6A45009D1630 /* UserlikeIOSDemoUITestsLaunchTests.swift */; };
		F2C8236A2BEF90E7009D1630 /* WebView.swift in Sources */ = {isa = PBXBuildFile; fileRef = F2C823692BEF90E7009D1630 /* WebView.swift */; };
		F2C8236C2BEF928A009D1630 /* userlike.html in Resources */ = {isa = PBXBuildFile; fileRef = F2C8236B2BEF928A009D1630 /* userlike.html */; };
		F2C8236F2BF17176009D1630 /* userlike.min.js in Resources */ = {isa = PBXBuildFile; fileRef = F2C8236E2BF17176009D1630 /* userlike.min.js */; };
		F2C823702BF17176009D1630 /* userlike.min.js in Resources */ = {isa = PBXBuildFile; fileRef = F2C8236E2BF17176009D1630 /* userlike.min.js */; };
		F2C823712BF17176009D1630 /* userlike.min.js in Resources */ = {isa = PBXBuildFile; fileRef = F2C8236E2BF17176009D1630 /* userlike.min.js */; };
/* End PBXBuildFile section */

/* Begin PBXContainerItemProxy section */
		F2C8234D2BEF6A45009D1630 /* PBXContainerItemProxy */ = {
			isa = PBXContainerItemProxy;
			containerPortal = F2C823342BEF6A44009D1630 /* Project object */;
			proxyType = 1;
			remoteGlobalIDString = F2C8233B2BEF6A44009D1630;
			remoteInfo = UserlikeIOSDemo;
		};
		F2C823572BEF6A45009D1630 /* PBXContainerItemProxy */ = {
			isa = PBXContainerItemProxy;
			containerPortal = F2C823342BEF6A44009D1630 /* Project object */;
			proxyType = 1;
			remoteGlobalIDString = F2C8233B2BEF6A44009D1630;
			remoteInfo = UserlikeIOSDemo;
		};
/* End PBXContainerItemProxy section */

/* Begin PBXFileReference section */
		F2C8233C2BEF6A44009D1630 /* UserlikeIOSDemo.app */ = {isa = PBXFileReference; explicitFileType = wrapper.application; includeInIndex = 0; path = UserlikeIOSDemo.app; sourceTree = BUILT_PRODUCTS_DIR; };
		F2C8233F2BEF6A44009D1630 /* UserlikeIOSDemoApp.swift */ = {isa = PBXFileReference; lastKnownFileType = sourcecode.swift; path = UserlikeIOSDemoApp.swift; sourceTree = "<group>"; };
		F2C823412BEF6A44009D1630 /* ContentView.swift */ = {isa = PBXFileReference; lastKnownFileType = sourcecode.swift; path = ContentView.swift; sourceTree = "<group>"; };
		F2C823432BEF6A45009D1630 /* Assets.xcassets */ = {isa = PBXFileReference; lastKnownFileType = folder.assetcatalog; path = Assets.xcassets; sourceTree = "<group>"; };
		F2C823462BEF6A45009D1630 /* Preview Assets.xcassets */ = {isa = PBXFileReference; lastKnownFileType = folder.assetcatalog; path = "Preview Assets.xcassets"; sourceTree = "<group>"; };
		F2C8234C2BEF6A45009D1630 /* UserlikeIOSDemoTests.xctest */ = {isa = PBXFileReference; explicitFileType = wrapper.cfbundle; includeInIndex = 0; path = UserlikeIOSDemoTests.xctest; sourceTree = BUILT_PRODUCTS_DIR; };
		F2C823502BEF6A45009D1630 /* UserlikeIOSDemoTests.swift */ = {isa = PBXFileReference; lastKnownFileType = sourcecode.swift; path = UserlikeIOSDemoTests.swift; sourceTree = "<group>"; };
		F2C823562BEF6A45009D1630 /* UserlikeIOSDemoUITests.xctest */ = {isa = PBXFileReference; explicitFileType = wrapper.cfbundle; includeInIndex = 0; path = UserlikeIOSDemoUITests.xctest; sourceTree = BUILT_PRODUCTS_DIR; };
		F2C8235A2BEF6A45009D1630 /* UserlikeIOSDemoUITests.swift */ = {isa = PBXFileReference; lastKnownFileType = sourcecode.swift; path = UserlikeIOSDemoUITests.swift; sourceTree = "<group>"; };
		F2C8235C2BEF6A45009D1630 /* UserlikeIOSDemoUITestsLaunchTests.swift */ = {isa = PBXFileReference; lastKnownFileType = sourcecode.swift; path = UserlikeIOSDemoUITestsLaunchTests.swift; sourceTree = "<group>"; };
		F2C823692BEF90E7009D1630 /* WebView.swift */ = {isa = PBXFileReference; lastKnownFileType = sourcecode.swift; path = WebView.swift; sourceTree = "<group>"; };
		F2C8236B2BEF928A009D1630 /* userlike.html */ = {isa = PBXFileReference; lastKnownFileType = text.html; path = userlike.html; sourceTree = "<group>"; };
		F2C8236E2BF17176009D1630 /* userlike.min.js */ = {isa = PBXFileReference; fileEncoding = 4; lastKnownFileType = sourcecode.javascript; path = userlike.min.js; sourceTree = "<group>"; };
		F2C823722BF4C5A4009D1630 /* README.md */ = {isa = PBXFileReference; lastKnownFileType = net.daringfireball.markdown; path = README.md; sourceTree = "<group>"; };
		F2C823732BF4C7DC009D1630 /* LICENSE.md */ = {isa = PBXFileReference; lastKnownFileType = net.daringfireball.markdown; path = LICENSE.md; sourceTree = "<group>"; };
/* End PBXFileReference section */

/* Begin PBXFrameworksBuildPhase section */
		F2C823392BEF6A44009D1630 /* Frameworks */ = {
			isa = PBXFrameworksBuildPhase;
			buildActionMask = 2147483647;
			files = (
			);
			runOnlyForDeploymentPostprocessing = 0;
		};
		F2C823492BEF6A45009D1630 /* Frameworks */ = {
			isa = PBXFrameworksBuildPhase;
			buildActionMask = 2147483647;
			files = (
			);
			runOnlyForDeploymentPostprocessing = 0;
		};
		F2C823532BEF6A45009D1630 /* Frameworks */ = {
			isa = PBXFrameworksBuildPhase;
			buildActionMask = 2147483647;
			files = (
			);
			runOnlyForDeploymentPostprocessing = 0;
		};
/* End PBXFrameworksBuildPhase section */

/* Begin PBXGroup section */
		F2C823332BEF6A44009D1630 = {
			isa = PBXGroup;
			children = (
				F2C823732BF4C7DC009D1630 /* LICENSE.md */,
				F2C823722BF4C5A4009D1630 /* README.md */,
				F2C8236D2BF16E56009D1630 /* Assets */,
				F2C8233E2BEF6A44009D1630 /* UserlikeIOSDemo */,
				F2C8234F2BEF6A45009D1630 /* UserlikeIOSDemoTests */,
				F2C823592BEF6A45009D1630 /* UserlikeIOSDemoUITests */,
				F2C8233D2BEF6A44009D1630 /* Products */,
			);
			sourceTree = "<group>";
		};
		F2C8233D2BEF6A44009D1630 /* Products */ = {
			isa = PBXGroup;
			children = (
				F2C8233C2BEF6A44009D1630 /* UserlikeIOSDemo.app */,
				F2C8234C2BEF6A45009D1630 /* UserlikeIOSDemoTests.xctest */,
				F2C823562BEF6A45009D1630 /* UserlikeIOSDemoUITests.xctest */,
			);
			name = Products;
			sourceTree = "<group>";
		};
		F2C8233E2BEF6A44009D1630 /* UserlikeIOSDemo */ = {
			isa = PBXGroup;
			children = (
				F2C8233F2BEF6A44009D1630 /* UserlikeIOSDemoApp.swift */,
				F2C823412BEF6A44009D1630 /* ContentView.swift */,
				F2C823432BEF6A45009D1630 /* Assets.xcassets */,
				F2C823452BEF6A45009D1630 /* Preview Content */,
				F2C823692BEF90E7009D1630 /* WebView.swift */,
			);
			path = UserlikeIOSDemo;
			sourceTree = "<group>";
		};
		F2C823452BEF6A45009D1630 /* Preview Content */ = {
			isa = PBXGroup;
			children = (
				F2C823462BEF6A45009D1630 /* Preview Assets.xcassets */,
			);
			path = "Preview Content";
			sourceTree = "<group>";
		};
		F2C8234F2BEF6A45009D1630 /* UserlikeIOSDemoTests */ = {
			isa = PBXGroup;
			children = (
				F2C823502BEF6A45009D1630 /* UserlikeIOSDemoTests.swift */,
			);
			path = UserlikeIOSDemoTests;
			sourceTree = "<group>";
		};
		F2C823592BEF6A45009D1630 /* UserlikeIOSDemoUITests */ = {
			isa = PBXGroup;
			children = (
				F2C8235A2BEF6A45009D1630 /* UserlikeIOSDemoUITests.swift */,
				F2C8235C2BEF6A45009D1630 /* UserlikeIOSDemoUITestsLaunchTests.swift */,
			);
			path = UserlikeIOSDemoUITests;
			sourceTree = "<group>";
		};
		F2C8236D2BF16E56009D1630 /* Assets */ = {
			isa = PBXGroup;
			children = (
				F2C8236E2BF17176009D1630 /* userlike.min.js */,
				F2C8236B2BEF928A009D1630 /* userlike.html */,
			);
			path = Assets;
			sourceTree = "<group>";
		};
/* End PBXGroup section */

/* Begin PBXNativeTarget section */
		F2C8233B2BEF6A44009D1630 /* UserlikeIOSDemo */ = {
			isa = PBXNativeTarget;
			buildConfigurationList = F2C823602BEF6A45009D1630 /* Build configuration list for PBXNativeTarget "UserlikeIOSDemo" */;
			buildPhases = (
				F2C823382BEF6A44009D1630 /* Sources */,
				F2C823392BEF6A44009D1630 /* Frameworks */,
				F2C8233A2BEF6A44009D1630 /* Resources */,
			);
			buildRules = (
			);
			dependencies = (
			);
			name = UserlikeIOSDemo;
			productName = UserlikeIOSDemo;
			productReference = F2C8233C2BEF6A44009D1630 /* UserlikeIOSDemo.app */;
			productType = "com.apple.product-type.application";
		};
		F2C8234B2BEF6A45009D1630 /* UserlikeIOSDemoTests */ = {
			isa = PBXNativeTarget;
			buildConfigurationList = F2C823632BEF6A45009D1630 /* Build configuration list for PBXNativeTarget "UserlikeIOSDemoTests" */;
			buildPhases = (
				F2C823482BEF6A45009D1630 /* Sources */,
				F2C823492BEF6A45009D1630 /* Frameworks */,
				F2C8234A2BEF6A45009D1630 /* Resources */,
			);
			buildRules = (
			);
			dependencies = (
				F2C8234E2BEF6A45009D1630 /* PBXTargetDependency */,
			);
			name = UserlikeIOSDemoTests;
			productName = UserlikeIOSDemoTests;
			productReference = F2C8234C2BEF6A45009D1630 /* UserlikeIOSDemoTests.xctest */;
			productType = "com.apple.product-type.bundle.unit-test";
		};
		F2C823552BEF6A45009D1630 /* UserlikeIOSDemoUITests */ = {
			isa = PBXNativeTarget;
			buildConfigurationList = F2C823662BEF6A45009D1630 /* Build configuration list for PBXNativeTarget "UserlikeIOSDemoUITests" */;
			buildPhases = (
				F2C823522BEF6A45009D1630 /* Sources */,
				F2C823532BEF6A45009D1630 /* Frameworks */,
				F2C823542BEF6A45009D1630 /* Resources */,
			);
			buildRules = (
			);
			dependencies = (
				F2C823582BEF6A45009D1630 /* PBXTargetDependency */,
			);
			name = UserlikeIOSDemoUITests;
			productName = UserlikeIOSDemoUITests;
			productReference = F2C823562BEF6A45009D1630 /* UserlikeIOSDemoUITests.xctest */;
			productType = "com.apple.product-type.bundle.ui-testing";
		};
/* End PBXNativeTarget section */

/* Begin PBXProject section */
		F2C823342BEF6A44009D1630 /* Project object */ = {
			isa = PBXProject;
			attributes = {
				BuildIndependentTargetsInParallel = 1;
				LastSwiftUpdateCheck = 1530;
				LastUpgradeCheck = 1530;
				TargetAttributes = {
					F2C8233B2BEF6A44009D1630 = {
						CreatedOnToolsVersion = 15.3;
					};
					F2C8234B2BEF6A45009D1630 = {
						CreatedOnToolsVersion = 15.3;
						TestTargetID = F2C8233B2BEF6A44009D1630;
					};
					F2C823552BEF6A45009D1630 = {
						CreatedOnToolsVersion = 15.3;
						TestTargetID = F2C8233B2BEF6A44009D1630;
					};
				};
			};
			buildConfigurationList = F2C823372BEF6A44009D1630 /* Build configuration list for PBXProject "UserlikeIOSDemo" */;
			compatibilityVersion = "Xcode 14.0";
			developmentRegion = en;
			hasScannedForEncodings = 0;
			knownRegions = (
				en,
				Base,
			);
			mainGroup = F2C823332BEF6A44009D1630;
			productRefGroup = F2C8233D2BEF6A44009D1630 /* Products */;
			projectDirPath = "";
			projectRoot = "";
			targets = (
				F2C8233B2BEF6A44009D1630 /* UserlikeIOSDemo */,
				F2C8234B2BEF6A45009D1630 /* UserlikeIOSDemoTests */,
				F2C823552BEF6A45009D1630 /* UserlikeIOSDemoUITests */,
			);
		};
/* End PBXProject section */

/* Begin PBXResourcesBuildPhase section */
		F2C8233A2BEF6A44009D1630 /* Resources */ = {
			isa = PBXResourcesBuildPhase;
			buildActionMask = 2147483647;
			files = (
				F2C8236F2BF17176009D1630 /* userlike.min.js in Resources */,
				F2C8236C2BEF928A009D1630 /* userlike.html in Resources */,
				F2C823472BEF6A45009D1630 /* Preview Assets.xcassets in Resources */,
				F2C823442BEF6A45009D1630 /* Assets.xcassets in Resources */,
			);
			runOnlyForDeploymentPostprocessing = 0;
		};
		F2C8234A2BEF6A45009D1630 /* Resources */ = {
			isa = PBXResourcesBuildPhase;
			buildActionMask = 2147483647;
			files = (
				F2C823702BF17176009D1630 /* userlike.min.js in Resources */,
			);
			runOnlyForDeploymentPostprocessing = 0;
		};
		F2C823542BEF6A45009D1630 /* Resources */ = {
			isa = PBXResourcesBuildPhase;
			buildActionMask = 2147483647;
			files = (
				F2C823712BF17176009D1630 /* userlike.min.js in Resources */,
			);
			runOnlyForDeploymentPostprocessing = 0;
		};
/* End PBXResourcesBuildPhase section */

/* Begin PBXSourcesBuildPhase section */
		F2C823382BEF6A44009D1630 /* Sources */ = {
			isa = PBXSourcesBuildPhase;
			buildActionMask = 2147483647;
			files = (
				F2C8236A2BEF90E7009D1630 /* WebView.swift in Sources */,
				F2C823422BEF6A44009D1630 /* ContentView.swift in Sources */,
				F2C823402BEF6A44009D1630 /* UserlikeIOSDemoApp.swift in Sources */,
			);
			runOnlyForDeploymentPostprocessing = 0;
		};
		F2C823482BEF6A45009D1630 /* Sources */ = {
			isa = PBXSourcesBuildPhase;
			buildActionMask = 2147483647;
			files = (
				F2C823512BEF6A45009D1630 /* UserlikeIOSDemoTests.swift in Sources */,
			);
			runOnlyForDeploymentPostprocessing = 0;
		};
		F2C823522BEF6A45009D1630 /* Sources */ = {
			isa = PBXSourcesBuildPhase;
			buildActionMask = 2147483647;
			files = (
				F2C8235B2BEF6A45009D1630 /* UserlikeIOSDemoUITests.swift in Sources */,
				F2C8235D2BEF6A45009D1630 /* UserlikeIOSDemoUITestsLaunchTests.swift in Sources */,
			);
			runOnlyForDeploymentPostprocessing = 0;
		};
/* End PBXSourcesBuildPhase section */

/* Begin PBXTargetDependency section */
		F2C8234E2BEF6A45009D1630 /* PBXTargetDependency */ = {
			isa = PBXTargetDependency;
			target = F2C8233B2BEF6A44009D1630 /* UserlikeIOSDemo */;
			targetProxy = F2C8234D2BEF6A45009D1630 /* PBXContainerItemProxy */;
		};
		F2C823582BEF6A45009D1630 /* PBXTargetDependency */ = {
			isa = PBXTargetDependency;
			target = F2C8233B2BEF6A44009D1630 /* UserlikeIOSDemo */;
			targetProxy = F2C823572BEF6A45009D1630 /* PBXContainerItemProxy */;
		};
/* End PBXTargetDependency section */

/* Begin XCBuildConfiguration section */
		F2C8235E2BEF6A45009D1630 /* Debug */ = {
			isa = XCBuildConfiguration;
			buildSettings = {
				ALWAYS_SEARCH_USER_PATHS = NO;
				ASSETCATALOG_COMPILER_GENERATE_SWIFT_ASSET_SYMBOL_EXTENSIONS = YES;
				CLANG_ANALYZER_NONNULL = YES;
				CLANG_ANALYZER_NUMBER_OBJECT_CONVERSION = YES_AGGRESSIVE;
				CLANG_CXX_LANGUAGE_STANDARD = "gnu++20";
				CLANG_ENABLE_MODULES = YES;
				CLANG_ENABLE_OBJC_ARC = YES;
				CLANG_ENABLE_OBJC_WEAK = YES;
				CLANG_WARN_BLOCK_CAPTURE_AUTORELEASING = YES;
				CLANG_WARN_BOOL_CONVERSION = YES;
				CLANG_WARN_COMMA = YES;
				CLANG_WARN_CONSTANT_CONVERSION = YES;
				CLANG_WARN_DEPRECATED_OBJC_IMPLEMENTATIONS = YES;
				CLANG_WARN_DIRECT_OBJC_ISA_USAGE = YES_ERROR;
				CLANG_WARN_DOCUMENTATION_COMMENTS = YES;
				CLANG_WARN_EMPTY_BODY = YES;
				CLANG_WARN_ENUM_CONVERSION = YES;
				CLANG_WARN_INFINITE_RECURSION = YES;
				CLANG_WARN_INT_CONVERSION = YES;
				CLANG_WARN_NON_LITERAL_NULL_CONVERSION = YES;
				CLANG_WARN_OBJC_IMPLICIT_RETAIN_SELF = YES;
				CLANG_WARN_OBJC_LITERAL_CONVERSION = YES;
				CLANG_WARN_OBJC_ROOT_CLASS = YES_ERROR;
				CLANG_WARN_QUOTED_INCLUDE_IN_FRAMEWORK_HEADER = YES;
				CLANG_WARN_RANGE_LOOP_ANALYSIS = YES;
				CLANG_WARN_STRICT_PROTOTYPES = YES;
				CLANG_WARN_SUSPICIOUS_MOVE = YES;
				CLANG_WARN_UNGUARDED_AVAILABILITY = YES_AGGRESSIVE;
				CLANG_WARN_UNREACHABLE_CODE = YES;
				CLANG_WARN__DUPLICATE_METHOD_MATCH = YES;
				COPY_PHASE_STRIP = NO;
				DEBUG_INFORMATION_FORMAT = dwarf;
				ENABLE_STRICT_OBJC_MSGSEND = YES;
				ENABLE_TESTABILITY = YES;
				ENABLE_USER_SCRIPT_SANDBOXING = YES;
				GCC_C_LANGUAGE_STANDARD = gnu17;
				GCC_DYNAMIC_NO_PIC = NO;
				GCC_NO_COMMON_BLOCKS = YES;
				GCC_OPTIMIZATION_LEVEL = 0;
				GCC_PREPROCESSOR_DEFINITIONS = (
					"DEBUG=1",
					"$(inherited)",
				);
				GCC_WARN_64_TO_32_BIT_CONVERSION = YES;
				GCC_WARN_ABOUT_RETURN_TYPE = YES_ERROR;
				GCC_WARN_UNDECLARED_SELECTOR = YES;
				GCC_WARN_UNINITIALIZED_AUTOS = YES_AGGRESSIVE;
				GCC_WARN_UNUSED_FUNCTION = YES;
				GCC_WARN_UNUSED_VARIABLE = YES;
				IPHONEOS_DEPLOYMENT_TARGET = 17.4;
				LOCALIZATION_PREFERS_STRING_CATALOGS = YES;
				MTL_ENABLE_DEBUG_INFO = INCLUDE_SOURCE;
				MTL_FAST_MATH = YES;
				ONLY_ACTIVE_ARCH = YES;
				SDKROOT = iphoneos;
				SWIFT_ACTIVE_COMPILATION_CONDITIONS = "DEBUG $(inherited)";
				SWIFT_OPTIMIZATION_LEVEL = "-Onone";
			};
			name = Debug;
		};
		F2C8235F2BEF6A45009D1630 /* Release */ = {
			isa = XCBuildConfiguration;
			buildSettings = {
				ALWAYS_SEARCH_USER_PATHS = NO;
				ASSETCATALOG_COMPILER_GENERATE_SWIFT_ASSET_SYMBOL_EXTENSIONS = YES;
				CLANG_ANALYZER_NONNULL = YES;
				CLANG_ANALYZER_NUMBER_OBJECT_CONVERSION = YES_AGGRESSIVE;
				CLANG_CXX_LANGUAGE_STANDARD = "gnu++20";
				CLANG_ENABLE_MODULES = YES;
				CLANG_ENABLE_OBJC_ARC = YES;
				CLANG_ENABLE_OBJC_WEAK = YES;
				CLANG_WARN_BLOCK_CAPTURE_AUTORELEASING = YES;
				CLANG_WARN_BOOL_CONVERSION = YES;
				CLANG_WARN_COMMA = YES;
				CLANG_WARN_CONSTANT_CONVERSION = YES;
				CLANG_WARN_DEPRECATED_OBJC_IMPLEMENTATIONS = YES;
				CLANG_WARN_DIRECT_OBJC_ISA_USAGE = YES_ERROR;
				CLANG_WARN_DOCUMENTATION_COMMENTS = YES;
				CLANG_WARN_EMPTY_BODY = YES;
				CLANG_WARN_ENUM_CONVERSION = YES;
				CLANG_WARN_INFINITE_RECURSION = YES;
				CLANG_WARN_INT_CONVERSION = YES;
				CLANG_WARN_NON_LITERAL_NULL_CONVERSION = YES;
				CLANG_WARN_OBJC_IMPLICIT_RETAIN_SELF = YES;
				CLANG_WARN_OBJC_LITERAL_CONVERSION = YES;
				CLANG_WARN_OBJC_ROOT_CLASS = YES_ERROR;
				CLANG_WARN_QUOTED_INCLUDE_IN_FRAMEWORK_HEADER = YES;
				CLANG_WARN_RANGE_LOOP_ANALYSIS = YES;
				CLANG_WARN_STRICT_PROTOTYPES = YES;
				CLANG_WARN_SUSPICIOUS_MOVE = YES;
				CLANG_WARN_UNGUARDED_AVAILABILITY = YES_AGGRESSIVE;
				CLANG_WARN_UNREACHABLE_CODE = YES;
				CLANG_WARN__DUPLICATE_METHOD_MATCH = YES;
				COPY_PHASE_STRIP = NO;
				DEBUG_INFORMATION_FORMAT = "dwarf-with-dsym";
				ENABLE_NS_ASSERTIONS = NO;
				ENABLE_STRICT_OBJC_MSGSEND = YES;
				ENABLE_USER_SCRIPT_SANDBOXING = YES;
				GCC_C_LANGUAGE_STANDARD = gnu17;
				GCC_NO_COMMON_BLOCKS = YES;
				GCC_WARN_64_TO_32_BIT_CONVERSION = YES;
				GCC_WARN_ABOUT_RETURN_TYPE = YES_ERROR;
				GCC_WARN_UNDECLARED_SELECTOR = YES;
				GCC_WARN_UNINITIALIZED_AUTOS = YES_AGGRESSIVE;
				GCC_WARN_UNUSED_FUNCTION = YES;
				GCC_WARN_UNUSED_VARIABLE = YES;
				IPHONEOS_DEPLOYMENT_TARGET = 17.4;
				LOCALIZATION_PREFERS_STRING_CATALOGS = YES;
				MTL_ENABLE_DEBUG_INFO = NO;
				MTL_FAST_MATH = YES;
				SDKROOT = iphoneos;
				SWIFT_COMPILATION_MODE = wholemodule;
				VALIDATE_PRODUCT = YES;
			};
			name = Release;
		};
		F2C823612BEF6A45009D1630 /* Debug */ = {
			isa = XCBuildConfiguration;
			buildSettings = {
				ASSETCATALOG_COMPILER_APPICON_NAME = AppIcon;
				ASSETCATALOG_COMPILER_GLOBAL_ACCENT_COLOR_NAME = AccentColor;
				CODE_SIGN_STYLE = Automatic;
				CURRENT_PROJECT_VERSION = 1;
				DEVELOPMENT_ASSET_PATHS = "\"UserlikeIOSDemo/Preview Content\"";
				ENABLE_PREVIEWS = YES;
				GENERATE_INFOPLIST_FILE = YES;
				INFOPLIST_KEY_UIApplicationSceneManifest_Generation = YES;
				INFOPLIST_KEY_UIApplicationSupportsIndirectInputEvents = YES;
				INFOPLIST_KEY_UILaunchScreen_Generation = YES;
				INFOPLIST_KEY_UISupportedInterfaceOrientations_iPad = "UIInterfaceOrientationPortrait UIInterfaceOrientationPortraitUpsideDown UIInterfaceOrientationLandscapeLeft UIInterfaceOrientationLandscapeRight";
				INFOPLIST_KEY_UISupportedInterfaceOrientations_iPhone = "UIInterfaceOrientationPortrait UIInterfaceOrientationLandscapeLeft UIInterfaceOrientationLandscapeRight";
				LD_RUNPATH_SEARCH_PATHS = (
					"$(inherited)",
					"@executable_path/Frameworks",
				);
				MARKETING_VERSION = 1.0;
				PRODUCT_BUNDLE_IDENTIFIER = com.userlike.UserlikeIOSDemo;
				PRODUCT_NAME = "$(TARGET_NAME)";
				SWIFT_EMIT_LOC_STRINGS = YES;
				SWIFT_VERSION = 5.0;
				TARGETED_DEVICE_FAMILY = "1,2";
			};
			name = Debug;
		};
		F2C823622BEF6A45009D1630 /* Release */ = {
			isa = XCBuildConfiguration;
			buildSettings = {
				ASSETCATALOG_COMPILER_APPICON_NAME = AppIcon;
				ASSETCATALOG_COMPILER_GLOBAL_ACCENT_COLOR_NAME = AccentColor;
				CODE_SIGN_STYLE = Automatic;
				CURRENT_PROJECT_VERSION = 1;
				DEVELOPMENT_ASSET_PATHS = "\"UserlikeIOSDemo/Preview Content\"";
				ENABLE_PREVIEWS = YES;
				GENERATE_INFOPLIST_FILE = YES;
				INFOPLIST_KEY_UIApplicationSceneManifest_Generation = YES;
				INFOPLIST_KEY_UIApplicationSupportsIndirectInputEvents = YES;
				INFOPLIST_KEY_UILaunchScreen_Generation = YES;
				INFOPLIST_KEY_UISupportedInterfaceOrientations_iPad = "UIInterfaceOrientationPortrait UIInterfaceOrientationPortraitUpsideDown UIInterfaceOrientationLandscapeLeft UIInterfaceOrientationLandscapeRight";
				INFOPLIST_KEY_UISupportedInterfaceOrientations_iPhone = "UIInterfaceOrientationPortrait UIInterfaceOrientationLandscapeLeft UIInterfaceOrientationLandscapeRight";
				LD_RUNPATH_SEARCH_PATHS = (
					"$(inherited)",
					"@executable_path/Frameworks",
				);
				MARKETING_VERSION = 1.0;
				PRODUCT_BUNDLE_IDENTIFIER = com.userlike.UserlikeIOSDemo;
				PRODUCT_NAME = "$(TARGET_NAME)";
				SWIFT_EMIT_LOC_STRINGS = YES;
				SWIFT_VERSION = 5.0;
				TARGETED_DEVICE_FAMILY = "1,2";
			};
			name = Release;
		};
		F2C823642BEF6A45009D1630 /* Debug */ = {
			isa = XCBuildConfiguration;
			buildSettings = {
				ALWAYS_EMBED_SWIFT_STANDARD_LIBRARIES = YES;
				BUNDLE_LOADER = "$(TEST_HOST)";
				CODE_SIGN_STYLE = Automatic;
				CURRENT_PROJECT_VERSION = 1;
				GENERATE_INFOPLIST_FILE = YES;
				IPHONEOS_DEPLOYMENT_TARGET = 17.4;
				MARKETING_VERSION = 1.0;
				PRODUCT_BUNDLE_IDENTIFIER = com.userlike.UserlikeIOSDemoTests;
				PRODUCT_NAME = "$(TARGET_NAME)";
				SWIFT_EMIT_LOC_STRINGS = NO;
				SWIFT_VERSION = 5.0;
				TARGETED_DEVICE_FAMILY = "1,2";
				TEST_HOST = "$(BUILT_PRODUCTS_DIR)/UserlikeIOSDemo.app/$(BUNDLE_EXECUTABLE_FOLDER_PATH)/UserlikeIOSDemo";
			};
			name = Debug;
		};
		F2C823652BEF6A45009D1630 /* Release */ = {
			isa = XCBuildConfiguration;
			buildSettings = {
				ALWAYS_EMBED_SWIFT_STANDARD_LIBRARIES = YES;
				BUNDLE_LOADER = "$(TEST_HOST)";
				CODE_SIGN_STYLE = Automatic;
				CURRENT_PROJECT_VERSION = 1;
				GENERATE_INFOPLIST_FILE = YES;
				IPHONEOS_DEPLOYMENT_TARGET = 17.4;
				MARKETING_VERSION = 1.0;
				PRODUCT_BUNDLE_IDENTIFIER = com.userlike.UserlikeIOSDemoTests;
				PRODUCT_NAME = "$(TARGET_NAME)";
				SWIFT_EMIT_LOC_STRINGS = NO;
				SWIFT_VERSION = 5.0;
				TARGETED_DEVICE_FAMILY = "1,2";
				TEST_HOST = "$(BUILT_PRODUCTS_DIR)/UserlikeIOSDemo.app/$(BUNDLE_EXECUTABLE_FOLDER_PATH)/UserlikeIOSDemo";
			};
			name = Release;
		};
		F2C823672BEF6A45009D1630 /* Debug */ = {
			isa = XCBuildConfiguration;
			buildSettings = {
				ALWAYS_EMBED_SWIFT_STANDARD_LIBRARIES = YES;
				CODE_SIGN_STYLE = Automatic;
				CURRENT_PROJECT_VERSION = 1;
				GENERATE_INFOPLIST_FILE = YES;
				MARKETING_VERSION = 1.0;
				PRODUCT_BUNDLE_IDENTIFIER = com.userlike.UserlikeIOSDemoUITests;
				PRODUCT_NAME = "$(TARGET_NAME)";
				SWIFT_EMIT_LOC_STRINGS = NO;
				SWIFT_VERSION = 5.0;
				TARGETED_DEVICE_FAMILY = "1,2";
				TEST_TARGET_NAME = UserlikeIOSDemo;
			};
			name = Debug;
		};
		F2C823682BEF6A45009D1630 /* Release */ = {
			isa = XCBuildConfiguration;
			buildSettings = {
				ALWAYS_EMBED_SWIFT_STANDARD_LIBRARIES = YES;
				CODE_SIGN_STYLE = Automatic;
				CURRENT_PROJECT_VERSION = 1;
				GENERATE_INFOPLIST_FILE = YES;
				MARKETING_VERSION = 1.0;
				PRODUCT_BUNDLE_IDENTIFIER = com.userlike.UserlikeIOSDemoUITests;
				PRODUCT_NAME = "$(TARGET_NAME)";
				SWIFT_EMIT_LOC_STRINGS = NO;
				SWIFT_VERSION = 5.0;
				TARGETED_DEVICE_FAMILY = "1,2";
				TEST_TARGET_NAME = UserlikeIOSDemo;
			};
			name = Release;
		};
/* End XCBuildConfiguration section */

/* Begin XCConfigurationList section */
		F2C823372BEF6A44009D1630 /* Build configuration list for PBXProject "UserlikeIOSDemo" */ = {
			isa = XCConfigurationList;
			buildConfigurations = (
				F2C8235E2BEF6A45009D1630 /* Debug */,
				F2C8235F2BEF6A45009D1630 /* Release */,
			);
			defaultConfigurationIsVisible = 0;
			defaultConfigurationName = Release;
		};
		F2C823602BEF6A45009D1630 /* Build configuration list for PBXNativeTarget "UserlikeIOSDemo" */ = {
			isa = XCConfigurationList;
			buildConfigurations = (
				F2C823612BEF6A45009D1630 /* Debug */,
				F2C823622BEF6A45009D1630 /* Release */,
			);
			defaultConfigurationIsVisible = 0;
			defaultConfigurationName = Release;
		};
		F2C823632BEF6A45009D1630 /* Build configuration list for PBXNativeTarget "UserlikeIOSDemoTests" */ = {
			isa = XCConfigurationList;
			buildConfigurations = (
				F2C823642BEF6A45009D1630 /* Debug */,
				F2C823652BEF6A45009D1630 /* Release */,
			);
			defaultConfigurationIsVisible = 0;
			defaultConfigurationName = Release;
		};
		F2C823662BEF6A45009D1630 /* Build configuration list for PBXNativeTarget "UserlikeIOSDemoUITests" */ = {
			isa = XCConfigurationList;
			buildConfigurations = (
				F2C823672BEF6A45009D1630 /* Debug */,
				F2C823682BEF6A45009D1630 /* Release */,
			);
			defaultConfigurationIsVisible = 0;
			defaultConfigurationName = Release;
		};
/* End XCConfigurationList section */
	};
	rootObject = F2C823342BEF6A44009D1630 /* Project object */;
}
